{
  "name": "serbrad.github.io",
  "version": "1.0.0",
  "lockfileVersion": 3,
  "requires": true,
  "packages": {
    "": {
      "name": "serbrad.github.io",
      "version": "1.0.0",
      "license": "ISC",
      "dependencies": {
        "gsap": "^3.13.0",
        "tweakpane": "^4.0.5"
      },
      "devDependencies": {
        "@node-loader/import-maps": "^1.1.0"
      }
    },
    "node_modules/@node-loader/import-maps": {
      "version": "1.1.0",
      "resolved": "https://registry.npmjs.org/@node-loader/import-maps/-/import-maps-1.1.0.tgz",
      "integrity": "sha512-RPB+7vBVhk9xF/eiSGSxEnL6hGQ0a1ua9hvl/MxXDmu7F+Nv+gMwA7AJ0S5TmcgulHAp9/IxobGoFiOxkX7xWQ==",
      "dev": true,
      "engines": {
        "node": ">=14"
      }
    },
    "node_modules/gsap": {
      "version": "3.13.0",
      "resolved": "https://registry.npmjs.org/gsap/-/gsap-3.13.0.tgz",
      "integrity": "sha512-QL7MJ2WMjm1PHWsoFrAQH/J8wUeqZvMtHO58qdekHpCfhvhSL4gSiz6vJf5EeMP0LOn3ZCprL2ki/gjED8ghVw=="
    },
    "node_modules/tweakpane": {
      "version": "4.0.5",
      "resolved": "https://registry.npmjs.org/tweakpane/-/tweakpane-4.0.5.tgz",
      "integrity": "sha512-rxEXdSI+ArlG1RyO6FghC4ZUX8JkEfz8F3v1JuteXSV0pEtHJzyo07fcDG+NsJfN5L39kSbCYbB9cBGHyuI/tQ==",
      "funding": {
        "url": "https://github.com/sponsors/cocopon"
      }
    }
  }
}
